
Microsoft Visual Studio Solution File, Format Version 12.00
# Visual Studio Version 16
Project("{8BC9CEB8-8B4A-11D0-8D11-00A0C91BC942}") = "FloEditor", "FloEditor\FloEditor.vcxproj", "{4DADAA80-B917-5FF7-0256-109D6EFF3C4C}"
EndProject
Project("{2150E333-8FDC-42A3-9474-1A3956D46DE8}") = "Dependencies", "Dependencies", "{53E47842-3FC8-3998-A828-34EB942B241A}"
EndProject
Project("{8BC9CEB8-8B4A-11D0-8D11-00A0C91BC942}") = "glad", "Florencia-Engine\vendor\glad\glad.vcxproj", "{DD62977C-C999-980D-7286-7E105E9C140F}"
EndProject
Project("{8BC9CEB8-8B4A-11D0-8D11-00A0C91BC942}") = "glfw", "Florencia-Engine\vendor\glfw\glfw.vcxproj", "{9563977C-819A-980D-2A87-7E10169D140F}"
EndProject
Project("{8BC9CEB8-8B4A-11D0-8D11-00A0C91BC942}") = "premake", "vendor\premake\premake.vcxproj", "{8A6487C2-F643-065E-FF5B-91346BBA6CBF}"
EndProject
Project("{8BC9CEB8-8B4A-11D0-8D11-00A0C91BC942}") = "Florencia-Engine", "Florencia-Engine\Florencia-Engine.vcxproj", "{DBAC7EAA-C7A5-9DFC-F0D7-8281DC2F7D08}"
EndProject
Global
	GlobalSection(SolutionConfigurationPlatforms) = preSolution
		Debug|x64 = Debug|x64
		Distribution|x64 = Distribution|x64
		Release|x64 = Release|x64
	EndGlobalSection
	GlobalSection(ProjectConfigurationPlatforms) = postSolution
		{4DADAA80-B917-5FF7-0256-109D6EFF3C4C}.Debug|x64.ActiveCfg = Debug|x64
		{4DADAA80-B917-5FF7-0256-109D6EFF3C4C}.Debug|x64.Build.0 = Debug|x64
		{4DADAA80-B917-5FF7-0256-109D6EFF3C4C}.Distribution|x64.ActiveCfg = Distribution|x64
		{4DADAA80-B917-5FF7-0256-109D6EFF3C4C}.Distribution|x64.Build.0 = Distribution|x64
		{4DADAA80-B917-5FF7-0256-109D6EFF3C4C}.Release|x64.ActiveCfg = Release|x64
		{4DADAA80-B917-5FF7-0256-109D6EFF3C4C}.Release|x64.Build.0 = Release|x64
		{DD62977C-C999-980D-7286-7E105E9C140F}.Debug|x64.ActiveCfg = Debug|x64
		{DD62977C-C999-980D-7286-7E105E9C140F}.Debug|x64.Build.0 = Debug|x64
		{DD62977C-C999-980D-7286-7E105E9C140F}.Distribution|x64.ActiveCfg = Distribution|x64
		{DD62977C-C999-980D-7286-7E105E9C140F}.Distribution|x64.Build.0 = Distribution|x64
		{DD62977C-C999-980D-7286-7E105E9C140F}.Release|x64.ActiveCfg = Release|x64
		{DD62977C-C999-980D-7286-7E105E9C140F}.Release|x64.Build.0 = Release|x64
		{9563977C-819A-980D-2A87-7E10169D140F}.Debug|x64.ActiveCfg = Debug|x64
		{9563977C-819A-980D-2A87-7E10169D140F}.Debug|x64.Build.0 = Debug|x64
		{9563977C-819A-980D-2A87-7E10169D140F}.Distribution|x64.ActiveCfg = Distribution|x64
		{9563977C-819A-980D-2A87-7E10169D140F}.Distribution|x64.Build.0 = Distribution|x64
		{9563977C-819A-980D-2A87-7E10169D140F}.Release|x64.ActiveCfg = Release|x64
		{9563977C-819A-980D-2A87-7E10169D140F}.Release|x64.Build.0 = Release|x64
		{8A6487C2-F643-065E-FF5B-91346BBA6CBF}.Debug|x64.ActiveCfg = Debug|x64
		{8A6487C2-F643-065E-FF5B-91346BBA6CBF}.Debug|x64.Build.0 = Debug|x64
		{8A6487C2-F643-065E-FF5B-91346BBA6CBF}.Distribution|x64.ActiveCfg = Distribution|x64
		{8A6487C2-F643-065E-FF5B-91346BBA6CBF}.Distribution|x64.Build.0 = Distribution|x64
		{8A6487C2-F643-065E-FF5B-91346BBA6CBF}.Release|x64.ActiveCfg = Release|x64
		{8A6487C2-F643-065E-FF5B-91346BBA6CBF}.Release|x64.Build.0 = Release|x64
		{DBAC7EAA-C7A5-9DFC-F0D7-8281DC2F7D08}.Debug|x64.ActiveCfg = Debug|x64
		{DBAC7EAA-C7A5-9DFC-F0D7-8281DC2F7D08}.Debug|x64.Build.0 = Debug|x64
		{DBAC7EAA-C7A5-9DFC-F0D7-8281DC2F7D08}.Distribution|x64.ActiveCfg = Distribution|x64
		{DBAC7EAA-C7A5-9DFC-F0D7-8281DC2F7D08}.Distribution|x64.Build.0 = Distribution|x64
		{DBAC7EAA-C7A5-9DFC-F0D7-8281DC2F7D08}.Release|x64.ActiveCfg = Release|x64
		{DBAC7EAA-C7A5-9DFC-F0D7-8281DC2F7D08}.Release|x64.Build.0 = Release|x64
	EndGlobalSection
	GlobalSection(SolutionProperties) = preSolution
		HideSolutionNode = FALSE
	EndGlobalSection
	GlobalSection(NestedProjects) = preSolution
		{DD62977C-C999-980D-7286-7E105E9C140F} = {53E47842-3FC8-3998-A828-34EB942B241A}
		{9563977C-819A-980D-2A87-7E10169D140F} = {53E47842-3FC8-3998-A828-34EB942B241A}
		{8A6487C2-F643-065E-FF5B-91346BBA6CBF} = {53E47842-3FC8-3998-A828-34EB942B241A}
	EndGlobalSection
EndGlobal
